
Microsoft Visual Studio Solution File, Format Version 12.00
# Visual Studio 14
VisualStudioVersion = 14.0.25420.1
MinimumVisualStudioVersion = 10.0.40219.1
Project("{FAE04EC0-301F-11D3-BF4B-00C04F79EFBC}") = "Task_Timer", "Task_Timer\Task_Timer.csproj", "{87AFA802-74DD-420F-9F63-4ED9D3643799}"
EndProject
Project("{FAE04EC0-301F-11D3-BF4B-00C04F79EFBC}") = "WindowsFormsApplication1", "WindowsFormsApplication1\WindowsFormsApplication1.csproj", "{9D95137B-215D-4297-A177-EB99592F536F}"
EndProject
Global
	GlobalSection(SolutionConfigurationPlatforms) = preSolution
		Debug|Any CPU = Debug|Any CPU
		Release|Any CPU = Release|Any CPU
	EndGlobalSection
	GlobalSection(ProjectConfigurationPlatforms) = postSolution
		{87AFA802-74DD-420F-9F63-4ED9D3643799}.Debug|Any CPU.ActiveCfg = Debug|Any CPU
		{87AFA802-74DD-420F-9F63-4ED9D3643799}.Debug|Any CPU.Build.0 = Debug|Any CPU
		{87AFA802-74DD-420F-9F63-4ED9D3643799}.Release|Any CPU.ActiveCfg = Release|Any CPU
		{87AFA802-74DD-420F-9F63-4ED9D3643799}.Release|Any CPU.Build.0 = Release|Any CPU
		{9D95137B-215D-4297-A177-EB99592F536F}.Debug|Any CPU.ActiveCfg = Debug|Any CPU
		{9D95137B-215D-4297-A177-EB99592F536F}.Debug|Any CPU.Build.0 = Debug|Any CPU
		{9D95137B-215D-4297-A177-EB99592F536F}.Release|Any CPU.ActiveCfg = Release|Any CPU
		{9D95137B-215D-4297-A177-EB99592F536F}.Release|Any CPU.Build.0 = Release|Any CPU
	EndGlobalSection
	GlobalSection(SolutionProperties) = preSolution
		HideSolutionNode = FALSE
	EndGlobalSection
EndGlobal
